// !$*UTF8*$!
{
	archiveVersion = 1;
	classes = {
	};
	objectVersion = 55;
	objects = {

/* Begin PBXBuildFile section */
		7969B7722887E4F700F53E3A /* AppDelegate.swift in Sources */ = {isa = PBXBuildFile; fileRef = 7969B7712887E4F700F53E3A /* AppDelegate.swift */; };
		7969B7742887E4F700F53E3A /* SceneDelegate.swift in Sources */ = {isa = PBXBuildFile; fileRef = 7969B7732887E4F700F53E3A /* SceneDelegate.swift */; };
		7969B7762887E4F700F53E3A /* ViewController.swift in Sources */ = {isa = PBXBuildFile; fileRef = 7969B7752887E4F700F53E3A /* ViewController.swift */; };
		7969B7792887E4F700F53E3A /* Main.storyboard in Resources */ = {isa = PBXBuildFile; fileRef = 7969B7772887E4F700F53E3A /* Main.storyboard */; };
		7969B77B2887E4F800F53E3A /* Assets.xcassets in Resources */ = {isa = PBXBuildFile; fileRef = 7969B77A2887E4F800F53E3A /* Assets.xcassets */; };
		7969B77E2887E4F800F53E3A /* LaunchScreen.storyboard in Resources */ = {isa = PBXBuildFile; fileRef = 7969B77C2887E4F800F53E3A /* LaunchScreen.storyboard */; };
		7969B7862887E64C00F53E3A /* FirstViewController.swift in Sources */ = {isa = PBXBuildFile; fileRef = 7969B7852887E64C00F53E3A /* FirstViewController.swift */; };
		7969B7882887E65700F53E3A /* SecondViewController.swift in Sources */ = {isa = PBXBuildFile; fileRef = 7969B7872887E65700F53E3A /* SecondViewController.swift */; };
		7969B78A2887F10E00F53E3A /* ThirdViewController.swift in Sources */ = {isa = PBXBuildFile; fileRef = 7969B7892887F10E00F53E3A /* ThirdViewController.swift */; };
		7969B78D2887F42100F53E3A /* KeywordCollectionViewCell.swift in Sources */ = {isa = PBXBuildFile; fileRef = 7969B78B2887F42100F53E3A /* KeywordCollectionViewCell.swift */; };
		7969B78E2887F42100F53E3A /* KeywordCollectionViewCell.xib in Resources */ = {isa = PBXBuildFile; fileRef = 7969B78C2887F42100F53E3A /* KeywordCollectionViewCell.xib */; };
/* End PBXBuildFile section */

/* Begin PBXFileReference section */
		7969B76E2887E4F700F53E3A /* HelloDuna5th.app */ = {isa = PBXFileReference; explicitFileType = wrapper.application; includeInIndex = 0; path = HelloDuna5th.app; sourceTree = BUILT_PRODUCTS_DIR; };
		7969B7712887E4F700F53E3A /* AppDelegate.swift */ = {isa = PBXFileReference; lastKnownFileType = sourcecode.swift; path = AppDelegate.swift; sourceTree = "<group>"; };
		7969B7732887E4F700F53E3A /* SceneDelegate.swift */ = {isa = PBXFileReference; lastKnownFileType = sourcecode.swift; path = SceneDelegate.swift; sourceTree = "<group>"; };
		7969B7752887E4F700F53E3A /* ViewController.swift */ = {isa = PBXFileReference; lastKnownFileType = sourcecode.swift; path = ViewController.swift; sourceTree = "<group>"; };
		7969B7782887E4F700F53E3A /* Base */ = {isa = PBXFileReference; lastKnownFileType = file.storyboard; name = Base; path = Base.lproj/Main.storyboard; sourceTree = "<group>"; };
		7969B77A2887E4F800F53E3A /* Assets.xcassets */ = {isa = PBXFileReference; lastKnownFileType = folder.assetcatalog; path = Assets.xcassets; sourceTree = "<group>"; };
		7969B77D2887E4F800F53E3A /* Base */ = {isa = PBXFileReference; lastKnownFileType = file.storyboard; name = Base; path = Base.lproj/LaunchScreen.storyboard; sourceTree = "<group>"; };
		7969B77F2887E4F800F53E3A /* Info.plist */ = {isa = PBXFileReference; lastKnownFileType = text.plist.xml; path = Info.plist; sourceTree = "<group>"; };
		7969B7852887E64C00F53E3A /* FirstViewController.swift */ = {isa = PBXFileReference; lastKnownFileType = sourcecode.swift; path = FirstViewController.swift; sourceTree = "<group>"; };
		7969B7872887E65700F53E3A /* SecondViewController.swift */ = {isa = PBXFileReference; lastKnownFileType = sourcecode.swift; path = SecondViewController.swift; sourceTree = "<group>"; };
		7969B7892887F10E00F53E3A /* ThirdViewController.swift */ = {isa = PBXFileReference; lastKnownFileType = sourcecode.swift; path = ThirdViewController.swift; sourceTree = "<group>"; };
		7969B78B2887F42100F53E3A /* KeywordCollectionViewCell.swift */ = {isa = PBXFileReference; lastKnownFileType = sourcecode.swift; path = KeywordCollectionViewCell.swift; sourceTree = "<group>"; };
		7969B78C2887F42100F53E3A /* KeywordCollectionViewCell.xib */ = {isa = PBXFileReference; lastKnownFileType = file.xib; path = KeywordCollectionViewCell.xib; sourceTree = "<group>"; };
/* End PBXFileReference section */

/* Begin PBXFrameworksBuildPhase section */
		7969B76B2887E4F700F53E3A /* Frameworks */ = {
			isa = PBXFrameworksBuildPhase;
			buildActionMask = 2147483647;
			files = (
			);
			runOnlyForDeploymentPostprocessing = 0;
		};
/* End PBXFrameworksBuildPhase section */

/* Begin PBXGroup section */
		7969B7652887E4F700F53E3A = {
			isa = PBXGroup;
			children = (
				7969B7702887E4F700F53E3A /* HelloDuna5th */,
				7969B76F2887E4F700F53E3A /* Products */,
			);
			sourceTree = "<group>";
		};
		7969B76F2887E4F700F53E3A /* Products */ = {
			isa = PBXGroup;
			children = (
				7969B76E2887E4F700F53E3A /* HelloDuna5th.app */,
			);
			name = Products;
			sourceTree = "<group>";
		};
		7969B7702887E4F700F53E3A /* HelloDuna5th */ = {
			isa = PBXGroup;
			children = (
				7969B7712887E4F700F53E3A /* AppDelegate.swift */,
				7969B7732887E4F700F53E3A /* SceneDelegate.swift */,
				7969B7752887E4F700F53E3A /* ViewController.swift */,
				7969B7772887E4F700F53E3A /* Main.storyboard */,
				7969B7892887F10E00F53E3A /* ThirdViewController.swift */,
				7969B78B2887F42100F53E3A /* KeywordCollectionViewCell.swift */,
				7969B78C2887F42100F53E3A /* KeywordCollectionViewCell.xib */,
				7969B7852887E64C00F53E3A /* FirstViewController.swift */,
				7969B7872887E65700F53E3A /* SecondViewController.swift */,
				7969B77A2887E4F800F53E3A /* Assets.xcassets */,
				7969B77C2887E4F800F53E3A /* LaunchScreen.storyboard */,
				7969B77F2887E4F800F53E3A /* Info.plist */,
			);
			path = HelloDuna5th;
			sourceTree = "<group>";
		};
/* End PBXGroup section */

/* Begin PBXNativeTarget section */
		7969B76D2887E4F700F53E3A /* HelloDuna5th */ = {
			isa = PBXNativeTarget;
			buildConfigurationList = 7969B7822887E4F800F53E3A /* Build configuration list for PBXNativeTarget "HelloDuna5th" */;
			buildPhases = (
				7969B76A2887E4F700F53E3A /* Sources */,
				7969B76B2887E4F700F53E3A /* Frameworks */,
				7969B76C2887E4F700F53E3A /* Resources */,
			);
			buildRules = (
			);
			dependencies = (
			);
			name = HelloDuna5th;
			productName = HelloDuna5th;
			productReference = 7969B76E2887E4F700F53E3A /* HelloDuna5th.app */;
			productType = "com.apple.product-type.application";
		};
/* End PBXNativeTarget section */

/* Begin PBXProject section */
		7969B7662887E4F700F53E3A /* Project object */ = {
			isa = PBXProject;
			attributes = {
				BuildIndependentTargetsInParallel = 1;
				LastSwiftUpdateCheck = 1340;
				LastUpgradeCheck = 1340;
				TargetAttributes = {
					7969B76D2887E4F700F53E3A = {
						CreatedOnToolsVersion = 13.4.1;
					};
				};
			};
			buildConfigurationList = 7969B7692887E4F700F53E3A /* Build configuration list for PBXProject "HelloDuna5th" */;
			compatibilityVersion = "Xcode 13.0";
			developmentRegion = en;
			hasScannedForEncodings = 0;
			knownRegions = (
				en,
				Base,
			);
			mainGroup = 7969B7652887E4F700F53E3A;
			productRefGroup = 7969B76F2887E4F700F53E3A /* Products */;
			projectDirPath = "";
			projectRoot = "";
			targets = (
				7969B76D2887E4F700F53E3A /* HelloDuna5th */,
			);
		};
/* End PBXProject section */

/* Begin PBXResourcesBuildPhase section */
		7969B76C2887E4F700F53E3A /* Resources */ = {
			isa = PBXResourcesBuildPhase;
			buildActionMask = 2147483647;
			files = (
				7969B77E2887E4F800F53E3A /* LaunchScreen.storyboard in Resources */,
				7969B77B2887E4F800F53E3A /* Assets.xcassets in Resources */,
				7969B78E2887F42100F53E3A /* KeywordCollectionViewCell.xib in Resources */,
				7969B7792887E4F700F53E3A /* Main.storyboard in Resources */,
			);
			runOnlyForDeploymentPostprocessing = 0;
		};
/* End PBXResourcesBuildPhase section */

/* Begin PBXSourcesBuildPhase section */
		7969B76A2887E4F700F53E3A /* Sources */ = {
			isa = PBXSourcesBuildPhase;
			buildActionMask = 2147483647;
			files = (
				7969B78A2887F10E00F53E3A /* ThirdViewController.swift in Sources */,
				7969B7762887E4F700F53E3A /* ViewController.swift in Sources */,
				7969B78D2887F42100F53E3A /* KeywordCollectionViewCell.swift in Sources */,
				7969B7722887E4F700F53E3A /* AppDelegate.swift in Sources */,
				7969B7742887E4F700F53E3A /* SceneDelegate.swift in Sources */,
				7969B7882887E65700F53E3A /* SecondViewController.swift in Sources */,
				7969B7862887E64C00F53E3A /* FirstViewController.swift in Sources */,
			);
			runOnlyForDeploymentPostprocessing = 0;
		};
/* End PBXSourcesBuildPhase section */

/* Begin PBXVariantGroup section */
		7969B7772887E4F700F53E3A /* Main.storyboard */ = {
			isa = PBXVariantGroup;
			children = (
				7969B7782887E4F700F53E3A /* Base */,
			);
			name = Main.storyboard;
			sourceTree = "<group>";
		};
		7969B77C2887E4F800F53E3A /* LaunchScreen.storyboard */ = {
			isa = PBXVariantGroup;
			children = (
				7969B77D2887E4F800F53E3A /* Base */,
			);
			name = LaunchScreen.storyboard;
			sourceTree = "<group>";
		};
/* End PBXVariantGroup section */

/* Begin XCBuildConfiguration section */
		7969B7802887E4F800F53E3A /* Debug */ = {
			isa = XCBuildConfiguration;
			buildSettings = {
				ALWAYS_SEARCH_USER_PATHS = NO;
				CLANG_ANALYZER_NONNULL = YES;
				CLANG_ANALYZER_NUMBER_OBJECT_CONVERSION = YES_AGGRESSIVE;
				CLANG_CXX_LANGUAGE_STANDARD = "gnu++17";
				CLANG_ENABLE_MODULES = YES;
				CLANG_ENABLE_OBJC_ARC = YES;
				CLANG_ENABLE_OBJC_WEAK = YES;
				CLANG_WARN_BLOCK_CAPTURE_AUTORELEASING = YES;
				CLANG_WARN_BOOL_CONVERSION = YES;
				CLANG_WARN_COMMA = YES;
				CLANG_WARN_CONSTANT_CONVERSION = YES;
				CLANG_WARN_DEPRECATED_OBJC_IMPLEMENTATIONS = YES;
				CLANG_WARN_DIRECT_OBJC_ISA_USAGE = YES_ERROR;
				CLANG_WARN_DOCUMENTATION_COMMENTS = YES;
				CLANG_WARN_EMPTY_BODY = YES;
				CLANG_WARN_ENUM_CONVERSION = YES;
				CLANG_WARN_INFINITE_RECURSION = YES;
				CLANG_WARN_INT_CONVERSION = YES;
				CLANG_WARN_NON_LITERAL_NULL_CONVERSION = YES;
				CLANG_WARN_OBJC_IMPLICIT_RETAIN_SELF = YES;
				CLANG_WARN_OBJC_LITERAL_CONVERSION = YES;
				CLANG_WARN_OBJC_ROOT_CLASS = YES_ERROR;
				CLANG_WARN_QUOTED_INCLUDE_IN_FRAMEWORK_HEADER = YES;
				CLANG_WARN_RANGE_LOOP_ANALYSIS = YES;
				CLANG_WARN_STRICT_PROTOTYPES = YES;
				CLANG_WARN_SUSPICIOUS_MOVE = YES;
				CLANG_WARN_UNGUARDED_AVAILABILITY = YES_AGGRESSIVE;
				CLANG_WARN_UNREACHABLE_CODE = YES;
				CLANG_WARN__DUPLICATE_METHOD_MATCH = YES;
				COPY_PHASE_STRIP = NO;
				DEBUG_INFORMATION_FORMAT = dwarf;
				ENABLE_STRICT_OBJC_MSGSEND = YES;
				ENABLE_TESTABILITY = YES;
				GCC_C_LANGUAGE_STANDARD = gnu11;
				GCC_DYNAMIC_NO_PIC = NO;
				GCC_NO_COMMON_BLOCKS = YES;
				GCC_OPTIMIZATION_LEVEL = 0;
				GCC_PREPROCESSOR_DEFINITIONS = (
					"DEBUG=1",
					"$(inherited)",
				);
				GCC_WARN_64_TO_32_BIT_CONVERSION = YES;
				GCC_WARN_ABOUT_RETURN_TYPE = YES_ERROR;
				GCC_WARN_UNDECLARED_SELECTOR = YES;
				GCC_WARN_UNINITIALIZED_AUTOS = YES_AGGRESSIVE;
				GCC_WARN_UNUSED_FUNCTION = YES;
				GCC_WARN_UNUSED_VARIABLE = YES;
				IPHONEOS_DEPLOYMENT_TARGET = 15.5;
				MTL_ENABLE_DEBUG_INFO = INCLUDE_SOURCE;
				MTL_FAST_MATH = YES;
				ONLY_ACTIVE_ARCH = YES;
				SDKROOT = iphoneos;
				SWIFT_ACTIVE_COMPILATION_CONDITIONS = DEBUG;
				SWIFT_OPTIMIZATION_LEVEL = "-Onone";
			};
			name = Debug;
		};
		7969B7812887E4F800F53E3A /* Release */ = {
			isa = XCBuildConfiguration;
			buildSettings = {
				ALWAYS_SEARCH_USER_PATHS = NO;
				CLANG_ANALYZER_NONNULL = YES;
				CLANG_ANALYZER_NUMBER_OBJECT_CONVERSION = YES_AGGRESSIVE;
				CLANG_CXX_LANGUAGE_STANDARD = "gnu++17";
				CLANG_ENABLE_MODULES = YES;
				CLANG_ENABLE_OBJC_ARC = YES;
				CLANG_ENABLE_OBJC_WEAK = YES;
				CLANG_WARN_BLOCK_CAPTURE_AUTORELEASING = YES;
				CLANG_WARN_BOOL_CONVERSION = YES;
				CLANG_WARN_COMMA = YES;
				CLANG_WARN_CONSTANT_CONVERSION = YES;
				CLANG_WARN_DEPRECATED_OBJC_IMPLEMENTATIONS = YES;
				CLANG_WARN_DIRECT_OBJC_ISA_USAGE = YES_ERROR;
				CLANG_WARN_DOCUMENTATION_COMMENTS = YES;
				CLANG_WARN_EMPTY_BODY = YES;
				CLANG_WARN_ENUM_CONVERSION = YES;
				CLANG_WARN_INFINITE_RECURSION = YES;
				CLANG_WARN_INT_CONVERSION = YES;
				CLANG_WARN_NON_LITERAL_NULL_CONVERSION = YES;
				CLANG_WARN_OBJC_IMPLICIT_RETAIN_SELF = YES;
				CLANG_WARN_OBJC_LITERAL_CONVERSION = YES;
				CLANG_WARN_OBJC_ROOT_CLASS = YES_ERROR;
				CLANG_WARN_QUOTED_INCLUDE_IN_FRAMEWORK_HEADER = YES;
				CLANG_WARN_RANGE_LOOP_ANALYSIS = YES;
				CLANG_WARN_STRICT_PROTOTYPES = YES;
				CLANG_WARN_SUSPICIOUS_MOVE = YES;
				CLANG_WARN_UNGUARDED_AVAILABILITY = YES_AGGRESSIVE;
				CLANG_WARN_UNREACHABLE_CODE = YES;
				CLANG_WARN__DUPLICATE_METHOD_MATCH = YES;
				COPY_PHASE_STRIP = NO;
				DEBUG_INFORMATION_FORMAT = "dwarf-with-dsym";
				ENABLE_NS_ASSERTIONS = NO;
				ENABLE_STRICT_OBJC_MSGSEND = YES;
				GCC_C_LANGUAGE_STANDARD = gnu11;
				GCC_NO_COMMON_BLOCKS = YES;
				GCC_WARN_64_TO_32_BIT_CONVERSION = YES;
				GCC_WARN_ABOUT_RETURN_TYPE = YES_ERROR;
				GCC_WARN_UNDECLARED_SELECTOR = YES;
				GCC_WARN_UNINITIALIZED_AUTOS = YES_AGGRESSIVE;
				GCC_WARN_UNUSED_FUNCTION = YES;
				GCC_WARN_UNUSED_VARIABLE = YES;
				IPHONEOS_DEPLOYMENT_TARGET = 15.5;
				MTL_ENABLE_DEBUG_INFO = NO;
				MTL_FAST_MATH = YES;
				SDKROOT = iphoneos;
				SWIFT_COMPILATION_MODE = wholemodule;
				SWIFT_OPTIMIZATION_LEVEL = "-O";
				VALIDATE_PRODUCT = YES;
			};
			name = Release;
		};
		7969B7832887E4F800F53E3A /* Debug */ = {
			isa = XCBuildConfiguration;
			buildSettings = {
				ASSETCATALOG_COMPILER_APPICON_NAME = AppIcon;
				ASSETCATALOG_COMPILER_GLOBAL_ACCENT_COLOR_NAME = AccentColor;
				CODE_SIGN_STYLE = Automatic;
				CURRENT_PROJECT_VERSION = 1;
				DEVELOPMENT_TEAM = U5D4UR6AFR;
				GENERATE_INFOPLIST_FILE = YES;
				INFOPLIST_FILE = HelloDuna5th/Info.plist;
				INFOPLIST_KEY_UIApplicationSupportsIndirectInputEvents = YES;
				INFOPLIST_KEY_UILaunchStoryboardName = LaunchScreen;
				INFOPLIST_KEY_UIMainStoryboardFile = Main;
				INFOPLIST_KEY_UISupportedInterfaceOrientations_iPad = "UIInterfaceOrientationPortrait UIInterfaceOrientationPortraitUpsideDown UIInterfaceOrientationLandscapeLeft UIInterfaceOrientationLandscapeRight";
				INFOPLIST_KEY_UISupportedInterfaceOrientations_iPhone = "UIInterfaceOrientationPortrait UIInterfaceOrientationLandscapeLeft UIInterfaceOrientationLandscapeRight";
				LD_RUNPATH_SEARCH_PATHS = (
					"$(inherited)",
					"@executable_path/Frameworks",
				);
				MARKETING_VERSION = 1.0;
				PRODUCT_BUNDLE_IDENTIFIER = developer.NICK.HelloDuna5th;
				PRODUCT_NAME = "$(TARGET_NAME)";
				SWIFT_EMIT_LOC_STRINGS = YES;
				SWIFT_VERSION = 5.0;
				TARGETED_DEVICE_FAMILY = "1,2";
			};
			name = Debug;
		};
		7969B7842887E4F800F53E3A /* Release */ = {
			isa = XCBuildConfiguration;
			buildSettings = {
				ASSETCATALOG_COMPILER_APPICON_NAME = AppIcon;
				ASSETCATALOG_COMPILER_GLOBAL_ACCENT_COLOR_NAME = AccentColor;
				CODE_SIGN_STYLE = Automatic;
				CURRENT_PROJECT_VERSION = 1;
				DEVELOPMENT_TEAM = U5D4UR6AFR;
				GENERATE_INFOPLIST_FILE = YES;
				INFOPLIST_FILE = HelloDuna5th/Info.plist;
				INFOPLIST_KEY_UIApplicationSupportsIndirectInputEvents = YES;
				INFOPLIST_KEY_UILaunchStoryboardName = LaunchScreen;
				INFOPLIST_KEY_UIMainStoryboardFile = Main;
				INFOPLIST_KEY_UISupportedInterfaceOrientations_iPad = "UIInterfaceOrientationPortrait UIInterfaceOrientationPortraitUpsideDown UIInterfaceOrientationLandscapeLeft UIInterfaceOrientationLandscapeRight";
				INFOPLIST_KEY_UISupportedInterfaceOrientations_iPhone = "UIInterfaceOrientationPortrait UIInterfaceOrientationLandscapeLeft UIInterfaceOrientationLandscapeRight";
				LD_RUNPATH_SEARCH_PATHS = (
					"$(inherited)",
					"@executable_path/Frameworks",
				);
				MARKETING_VERSION = 1.0;
				PRODUCT_BUNDLE_IDENTIFIER = developer.NICK.HelloDuna5th;
				PRODUCT_NAME = "$(TARGET_NAME)";
				SWIFT_EMIT_LOC_STRINGS = YES;
				SWIFT_VERSION = 5.0;
				TARGETED_DEVICE_FAMILY = "1,2";
			};
			name = Release;
		};
/* End XCBuildConfiguration section */

/* Begin XCConfigurationList section */
		7969B7692887E4F700F53E3A /* Build configuration list for PBXProject "HelloDuna5th" */ = {
			isa = XCConfigurationList;
			buildConfigurations = (
				7969B7802887E4F800F53E3A /* Debug */,
				7969B7812887E4F800F53E3A /* Release */,
			);
			defaultConfigurationIsVisible = 0;
			defaultConfigurationName = Release;
		};
		7969B7822887E4F800F53E3A /* Build configuration list for PBXNativeTarget "HelloDuna5th" */ = {
			isa = XCConfigurationList;
			buildConfigurations = (
				7969B7832887E4F800F53E3A /* Debug */,
				7969B7842887E4F800F53E3A /* Release */,
			);
			defaultConfigurationIsVisible = 0;
			defaultConfigurationName = Release;
		};
/* End XCConfigurationList section */
	};
	rootObject = 7969B7662887E4F700F53E3A /* Project object */;
}
